
Microsoft Visual Studio Solution File, Format Version 12.00
# Visual Studio Version 17
VisualStudioVersion = 17.10.35013.160
MinimumVisualStudioVersion = 10.0.40219.1
Project("{FAE04EC0-301F-11D3-BF4B-00C04F79EFBC}") = "HiringStaff", "HiringStaff\HiringStaff.csproj", "{5CB5648C-5050-4383-BFB0-E36B18D66458}"
EndProject
Project("{FAE04EC0-301F-11D3-BF4B-00C04F79EFBC}") = "UnitTest", "UnitTest\UnitTest.csproj", "{60E27057-8798-418E-AEFA-E017E92CE803}"
EndProject
Global
	GlobalSection(SolutionConfigurationPlatforms) = preSolution
		Debug|Any CPU = Debug|Any CPU
		Release|Any CPU = Release|Any CPU
	EndGlobalSection
	GlobalSection(ProjectConfigurationPlatforms) = postSolution
		{5CB5648C-5050-4383-BFB0-E36B18D66458}.Debug|Any CPU.ActiveCfg = Debug|Any CPU
		{5CB5648C-5050-4383-BFB0-E36B18D66458}.Debug|Any CPU.Build.0 = Debug|Any CPU
		{5CB5648C-5050-4383-BFB0-E36B18D66458}.Release|Any CPU.ActiveCfg = Release|Any CPU
		{5CB5648C-5050-4383-BFB0-E36B18D66458}.Release|Any CPU.Build.0 = Release|Any CPU
		{60E27057-8798-418E-AEFA-E017E92CE803}.Debug|Any CPU.ActiveCfg = Debug|Any CPU
		{60E27057-8798-418E-AEFA-E017E92CE803}.Debug|Any CPU.Build.0 = Debug|Any CPU
		{60E27057-8798-418E-AEFA-E017E92CE803}.Release|Any CPU.ActiveCfg = Release|Any CPU
		{60E27057-8798-418E-AEFA-E017E92CE803}.Release|Any CPU.Build.0 = Release|Any CPU
	EndGlobalSection
	GlobalSection(SolutionProperties) = preSolution
		HideSolutionNode = FALSE
	EndGlobalSection
	GlobalSection(ExtensibilityGlobals) = postSolution
		SolutionGuid = {AB1EDC8D-173D-45CD-8C4C-54FFE60A16CC}
	EndGlobalSection
EndGlobal
